
Microsoft Visual Studio Solution File, Format Version 12.00
# Visual Studio Version 17
VisualStudioVersion = 17.7.34024.191
MinimumVisualStudioVersion = 10.0.40219.1
Project("{FAE04EC0-301F-11D3-BF4B-00C04F79EFBC}") = "LoginUsers", "LoginUsers\LoginUsers.csproj", "{28548D52-1232-4A9A-A27D-ACF6208093FF}"
EndProject
Global
	GlobalSection(SolutionConfigurationPlatforms) = preSolution
		Debug|Any CPU = Debug|Any CPU
		Release|Any CPU = Release|Any CPU
	EndGlobalSection
	GlobalSection(ProjectConfigurationPlatforms) = postSolution
		{28548D52-1232-4A9A-A27D-ACF6208093FF}.Debug|Any CPU.ActiveCfg = Debug|Any CPU
		{28548D52-1232-4A9A-A27D-ACF6208093FF}.Debug|Any CPU.Build.0 = Debug|Any CPU
		{28548D52-1232-4A9A-A27D-ACF6208093FF}.Release|Any CPU.ActiveCfg = Release|Any CPU
		{28548D52-1232-4A9A-A27D-ACF6208093FF}.Release|Any CPU.Build.0 = Release|Any CPU
	EndGlobalSection
	GlobalSection(SolutionProperties) = preSolution
		HideSolutionNode = FALSE
	EndGlobalSection
	GlobalSection(ExtensibilityGlobals) = postSolution
		SolutionGuid = {2B842F48-1019-4131-B686-FD6314BD06AE}
	EndGlobalSection
EndGlobal
